// !$*UTF8*$!
{
	archiveVersion = 1;
	classes = {
	};
	objectVersion = 48;
	objects = {

/* Begin PBXBuildFile section */
		76DC514B2024DFFB00A45484 /* CharacterTest.cpp in Sources */ = {isa = PBXBuildFile; fileRef = 76DC514A2024DFFB00A45484 /* CharacterTest.cpp */; };
		76DC51532024E33800A45484 /* Character.cpp in Sources */ = {isa = PBXBuildFile; fileRef = 76DC51512024E33800A45484 /* Character.cpp */; };
		B2868A8D20462D7900CB8B84 /* Monster.cpp in Sources */ = {isa = PBXBuildFile; fileRef = B2868A7B20462D7700CB8B84 /* Monster.cpp */; };
		B2868A8E20462D7900CB8B84 /* MonstersTest.cpp in Sources */ = {isa = PBXBuildFile; fileRef = B2868A7E20462D7700CB8B84 /* MonstersTest.cpp */; };
		B2868A8F20462D7900CB8B84 /* test_Room_Object.cpp in Sources */ = {isa = PBXBuildFile; fileRef = B2868A8020462D7800CB8B84 /* test_Room_Object.cpp */; };
		B2868A9020462D7900CB8B84 /* Exceptions.cpp in Sources */ = {isa = PBXBuildFile; fileRef = B2868A8320462D7800CB8B84 /* Exceptions.cpp */; };
		B2868A9120462D7900CB8B84 /* main.cpp in Sources */ = {isa = PBXBuildFile; fileRef = B2868A8420462D7800CB8B84 /* main.cpp */; };
		B2868A9220462D7900CB8B84 /* RoomObject.cpp in Sources */ = {isa = PBXBuildFile; fileRef = B2868A8520462D7800CB8B84 /* RoomObject.cpp */; };
		B2868A9320462D7900CB8B84 /* Room.cpp in Sources */ = {isa = PBXBuildFile; fileRef = B2868A8720462D7800CB8B84 /* Room.cpp */; };
		B2868A9420462D7900CB8B84 /* Dungeon.cpp in Sources */ = {isa = PBXBuildFile; fileRef = B2868A8A20462D7800CB8B84 /* Dungeon.cpp */; };
		B2868A9520462D7900CB8B84 /* RoomDeploymentTest.cpp in Sources */ = {isa = PBXBuildFile; fileRef = B2868A8B20462D7800CB8B84 /* RoomDeploymentTest.cpp */; };
/* End PBXBuildFile section */

/* Begin PBXCopyFilesBuildPhase section */
		76DC51452024DFFB00A45484 /* CopyFiles */ = {
			isa = PBXCopyFilesBuildPhase;
			buildActionMask = 2147483647;
			dstPath = /usr/share/man/man1/;
			dstSubfolderSpec = 0;
			files = (
			);
			runOnlyForDeploymentPostprocessing = 1;
		};
/* End PBXCopyFilesBuildPhase section */

/* Begin PBXFileReference section */
		76DC51472024DFFB00A45484 /* Character */ = {isa = PBXFileReference; explicitFileType = "compiled.mach-o.executable"; includeInIndex = 0; path = Character; sourceTree = BUILT_PRODUCTS_DIR; };
		76DC514A2024DFFB00A45484 /* CharacterTest.cpp */ = {isa = PBXFileReference; lastKnownFileType = sourcecode.cpp.cpp; path = CharacterTest.cpp; sourceTree = "<group>"; };
		76DC51512024E33800A45484 /* Character.cpp */ = {isa = PBXFileReference; lastKnownFileType = sourcecode.cpp.cpp; path = Character.cpp; sourceTree = "<group>"; };
		76DC51522024E33800A45484 /* Character.h */ = {isa = PBXFileReference; lastKnownFileType = sourcecode.c.h; path = Character.h; sourceTree = "<group>"; };
		76DC51582024FF4E00A45484 /* LinkedList.h */ = {isa = PBXFileReference; fileEncoding = 4; lastKnownFileType = sourcecode.c.h; path = LinkedList.h; sourceTree = "<group>"; };
		B2868A7A20462D7700CB8B84 /* Monster.hpp */ = {isa = PBXFileReference; fileEncoding = 4; lastKnownFileType = sourcecode.cpp.h; path = Monster.hpp; sourceTree = "<group>"; };
		B2868A7B20462D7700CB8B84 /* Monster.cpp */ = {isa = PBXFileReference; fileEncoding = 4; lastKnownFileType = sourcecode.cpp.cpp; path = Monster.cpp; sourceTree = "<group>"; };
		B2868A7C20462D7700CB8B84 /* item.h */ = {isa = PBXFileReference; fileEncoding = 4; lastKnownFileType = sourcecode.c.h; path = item.h; sourceTree = "<group>"; };
		B2868A7D20462D7700CB8B84 /* Room.hpp */ = {isa = PBXFileReference; fileEncoding = 4; lastKnownFileType = sourcecode.cpp.h; path = Room.hpp; sourceTree = "<group>"; };
		B2868A7E20462D7700CB8B84 /* MonstersTest.cpp */ = {isa = PBXFileReference; fileEncoding = 4; lastKnownFileType = sourcecode.cpp.cpp; path = MonstersTest.cpp; sourceTree = "<group>"; };
		B2868A7F20462D7800CB8B84 /* equipment.h */ = {isa = PBXFileReference; fileEncoding = 4; lastKnownFileType = sourcecode.c.h; path = equipment.h; sourceTree = "<group>"; };
		B2868A8020462D7800CB8B84 /* test_Room_Object.cpp */ = {isa = PBXFileReference; fileEncoding = 4; lastKnownFileType = sourcecode.cpp.cpp; path = test_Room_Object.cpp; sourceTree = "<group>"; };
		B2868A8120462D7800CB8B84 /* Exceptions.hpp */ = {isa = PBXFileReference; fileEncoding = 4; lastKnownFileType = sourcecode.cpp.h; path = Exceptions.hpp; sourceTree = "<group>"; };
		B2868A8220462D7800CB8B84 /* items.txt */ = {isa = PBXFileReference; fileEncoding = 4; lastKnownFileType = text; path = items.txt; sourceTree = "<group>"; };
		B2868A8320462D7800CB8B84 /* Exceptions.cpp */ = {isa = PBXFileReference; fileEncoding = 4; lastKnownFileType = sourcecode.cpp.cpp; path = Exceptions.cpp; sourceTree = "<group>"; };
		B2868A8420462D7800CB8B84 /* main.cpp */ = {isa = PBXFileReference; fileEncoding = 4; lastKnownFileType = sourcecode.cpp.cpp; path = main.cpp; sourceTree = "<group>"; };
		B2868A8520462D7800CB8B84 /* RoomObject.cpp */ = {isa = PBXFileReference; fileEncoding = 4; lastKnownFileType = sourcecode.cpp.cpp; path = RoomObject.cpp; sourceTree = "<group>"; };
		B2868A8620462D7800CB8B84 /* RoomObject.h */ = {isa = PBXFileReference; fileEncoding = 4; lastKnownFileType = sourcecode.c.h; path = RoomObject.h; sourceTree = "<group>"; };
		B2868A8720462D7800CB8B84 /* Room.cpp */ = {isa = PBXFileReference; fileEncoding = 4; lastKnownFileType = sourcecode.cpp.cpp; path = Room.cpp; sourceTree = "<group>"; };
		B2868A8820462D7800CB8B84 /* RoomObject.txt */ = {isa = PBXFileReference; fileEncoding = 4; lastKnownFileType = text; path = RoomObject.txt; sourceTree = "<group>"; };
		B2868A8920462D7800CB8B84 /* Dungeon.hpp */ = {isa = PBXFileReference; fileEncoding = 4; lastKnownFileType = sourcecode.cpp.h; path = Dungeon.hpp; sourceTree = "<group>"; };
		B2868A8A20462D7800CB8B84 /* Dungeon.cpp */ = {isa = PBXFileReference; fileEncoding = 4; lastKnownFileType = sourcecode.cpp.cpp; path = Dungeon.cpp; sourceTree = "<group>"; };
		B2868A8B20462D7800CB8B84 /* RoomDeploymentTest.cpp */ = {isa = PBXFileReference; fileEncoding = 4; lastKnownFileType = sourcecode.cpp.cpp; path = RoomDeploymentTest.cpp; sourceTree = "<group>"; };
		B2868A8C20462D7900CB8B84 /* walls.bin */ = {isa = PBXFileReference; lastKnownFileType = archive.macbinary; path = walls.bin; sourceTree = "<group>"; };
/* End PBXFileReference section */

/* Begin PBXFrameworksBuildPhase section */
		76DC51442024DFFB00A45484 /* Frameworks */ = {
			isa = PBXFrameworksBuildPhase;
			buildActionMask = 2147483647;
			files = (
			);
			runOnlyForDeploymentPostprocessing = 0;
		};
/* End PBXFrameworksBuildPhase section */

/* Begin PBXGroup section */
		76DC513E2024DFFB00A45484 = {
			isa = PBXGroup;
			children = (
				76DC51492024DFFB00A45484 /* Character */,
				76DC51482024DFFB00A45484 /* Products */,
			);
			sourceTree = "<group>";
		};
		76DC51482024DFFB00A45484 /* Products */ = {
			isa = PBXGroup;
			children = (
				76DC51472024DFFB00A45484 /* Character */,
			);
			name = Products;
			sourceTree = "<group>";
		};
		76DC51492024DFFB00A45484 /* Character */ = {
			isa = PBXGroup;
			children = (
				76DC51582024FF4E00A45484 /* LinkedList.h */,
				76DC514A2024DFFB00A45484 /* CharacterTest.cpp */,
				76DC51512024E33800A45484 /* Character.cpp */,
				76DC51522024E33800A45484 /* Character.h */,
				B2868A8A20462D7800CB8B84 /* Dungeon.cpp */,
				B2868A8920462D7800CB8B84 /* Dungeon.hpp */,
				B2868A7F20462D7800CB8B84 /* equipment.h */,
				B2868A8320462D7800CB8B84 /* Exceptions.cpp */,
				B2868A8120462D7800CB8B84 /* Exceptions.hpp */,
				B2868A7C20462D7700CB8B84 /* item.h */,
				B2868A8220462D7800CB8B84 /* items.txt */,
				B2868A8420462D7800CB8B84 /* main.cpp */,
				B2868A7B20462D7700CB8B84 /* Monster.cpp */,
				B2868A7A20462D7700CB8B84 /* Monster.hpp */,
				B2868A7E20462D7700CB8B84 /* MonstersTest.cpp */,
				B2868A8720462D7800CB8B84 /* Room.cpp */,
				B2868A7D20462D7700CB8B84 /* Room.hpp */,
				B2868A8B20462D7800CB8B84 /* RoomDeploymentTest.cpp */,
				B2868A8520462D7800CB8B84 /* RoomObject.cpp */,
				B2868A8620462D7800CB8B84 /* RoomObject.h */,
				B2868A8820462D7800CB8B84 /* RoomObject.txt */,
				B2868A8020462D7800CB8B84 /* test_Room_Object.cpp */,
				B2868A8C20462D7900CB8B84 /* walls.bin */,
			);
			path = Character;
			sourceTree = "<group>";
		};
/* End PBXGroup section */

/* Begin PBXNativeTarget section */
		76DC51462024DFFB00A45484 /* Character */ = {
			isa = PBXNativeTarget;
			buildConfigurationList = 76DC514E2024DFFB00A45484 /* Build configuration list for PBXNativeTarget "Character" */;
			buildPhases = (
				76DC51432024DFFB00A45484 /* Sources */,
				76DC51442024DFFB00A45484 /* Frameworks */,
				76DC51452024DFFB00A45484 /* CopyFiles */,
			);
			buildRules = (
			);
			dependencies = (
			);
			name = Character;
			productName = Character;
			productReference = 76DC51472024DFFB00A45484 /* Character */;
			productType = "com.apple.product-type.tool";
		};
/* End PBXNativeTarget section */

/* Begin PBXProject section */
		76DC513F2024DFFB00A45484 /* Project object */ = {
			isa = PBXProject;
			attributes = {
				LastUpgradeCheck = 0920;
				ORGANIZATIONNAME = "Khang Tran";
				TargetAttributes = {
					76DC51462024DFFB00A45484 = {
						CreatedOnToolsVersion = 9.2;
						ProvisioningStyle = Automatic;
					};
				};
			};
			buildConfigurationList = 76DC51422024DFFB00A45484 /* Build configuration list for PBXProject "Character" */;
			compatibilityVersion = "Xcode 8.0";
			developmentRegion = en;
			hasScannedForEncodings = 0;
			knownRegions = (
				en,
			);
			mainGroup = 76DC513E2024DFFB00A45484;
			productRefGroup = 76DC51482024DFFB00A45484 /* Products */;
			projectDirPath = "";
			projectRoot = "";
			targets = (
				76DC51462024DFFB00A45484 /* Character */,
			);
		};
/* End PBXProject section */

/* Begin PBXSourcesBuildPhase section */
		76DC51432024DFFB00A45484 /* Sources */ = {
			isa = PBXSourcesBuildPhase;
			buildActionMask = 2147483647;
			files = (
				B2868A9320462D7900CB8B84 /* Room.cpp in Sources */,
				B2868A8F20462D7900CB8B84 /* test_Room_Object.cpp in Sources */,
				B2868A9420462D7900CB8B84 /* Dungeon.cpp in Sources */,
				B2868A8E20462D7900CB8B84 /* MonstersTest.cpp in Sources */,
				76DC514B2024DFFB00A45484 /* CharacterTest.cpp in Sources */,
				B2868A9220462D7900CB8B84 /* RoomObject.cpp in Sources */,
				B2868A8D20462D7900CB8B84 /* Monster.cpp in Sources */,
				B2868A9120462D7900CB8B84 /* main.cpp in Sources */,
				76DC51532024E33800A45484 /* Character.cpp in Sources */,
				B2868A9020462D7900CB8B84 /* Exceptions.cpp in Sources */,
				B2868A9520462D7900CB8B84 /* RoomDeploymentTest.cpp in Sources */,
			);
			runOnlyForDeploymentPostprocessing = 0;
		};
/* End PBXSourcesBuildPhase section */

/* Begin XCBuildConfiguration section */
		76DC514C2024DFFB00A45484 /* Debug */ = {
			isa = XCBuildConfiguration;
			buildSettings = {
				ALWAYS_SEARCH_USER_PATHS = NO;
				CLANG_ANALYZER_NONNULL = YES;
				CLANG_ANALYZER_NUMBER_OBJECT_CONVERSION = YES_AGGRESSIVE;
				CLANG_CXX_LANGUAGE_STANDARD = "gnu++14";
				CLANG_CXX_LIBRARY = "libc++";
				CLANG_ENABLE_MODULES = YES;
				CLANG_ENABLE_OBJC_ARC = YES;
				CLANG_WARN_BLOCK_CAPTURE_AUTORELEASING = YES;
				CLANG_WARN_BOOL_CONVERSION = YES;
				CLANG_WARN_COMMA = YES;
				CLANG_WARN_CONSTANT_CONVERSION = YES;
				CLANG_WARN_DIRECT_OBJC_ISA_USAGE = YES_ERROR;
				CLANG_WARN_DOCUMENTATION_COMMENTS = YES;
				CLANG_WARN_EMPTY_BODY = YES;
				CLANG_WARN_ENUM_CONVERSION = YES;
				CLANG_WARN_INFINITE_RECURSION = YES;
				CLANG_WARN_INT_CONVERSION = YES;
				CLANG_WARN_NON_LITERAL_NULL_CONVERSION = YES;
				CLANG_WARN_OBJC_LITERAL_CONVERSION = YES;
				CLANG_WARN_OBJC_ROOT_CLASS = YES_ERROR;
				CLANG_WARN_RANGE_LOOP_ANALYSIS = YES;
				CLANG_WARN_STRICT_PROTOTYPES = YES;
				CLANG_WARN_SUSPICIOUS_MOVE = YES;
				CLANG_WARN_UNGUARDED_AVAILABILITY = YES_AGGRESSIVE;
				CLANG_WARN_UNREACHABLE_CODE = YES;
				CLANG_WARN__DUPLICATE_METHOD_MATCH = YES;
				CODE_SIGN_IDENTITY = "-";
				COPY_PHASE_STRIP = NO;
				DEBUG_INFORMATION_FORMAT = dwarf;
				ENABLE_STRICT_OBJC_MSGSEND = YES;
				ENABLE_TESTABILITY = YES;
				GCC_C_LANGUAGE_STANDARD = gnu11;
				GCC_DYNAMIC_NO_PIC = NO;
				GCC_NO_COMMON_BLOCKS = YES;
				GCC_OPTIMIZATION_LEVEL = 0;
				GCC_PREPROCESSOR_DEFINITIONS = (
					"DEBUG=1",
					"$(inherited)",
				);
				GCC_WARN_64_TO_32_BIT_CONVERSION = YES;
				GCC_WARN_ABOUT_RETURN_TYPE = YES_ERROR;
				GCC_WARN_UNDECLARED_SELECTOR = YES;
				GCC_WARN_UNINITIALIZED_AUTOS = YES_AGGRESSIVE;
				GCC_WARN_UNUSED_FUNCTION = YES;
				GCC_WARN_UNUSED_VARIABLE = YES;
				MACOSX_DEPLOYMENT_TARGET = 10.13;
				MTL_ENABLE_DEBUG_INFO = YES;
				ONLY_ACTIVE_ARCH = YES;
				SDKROOT = macosx;
			};
			name = Debug;
		};
		76DC514D2024DFFB00A45484 /* Release */ = {
			isa = XCBuildConfiguration;
			buildSettings = {
				ALWAYS_SEARCH_USER_PATHS = NO;
				CLANG_ANALYZER_NONNULL = YES;
				CLANG_ANALYZER_NUMBER_OBJECT_CONVERSION = YES_AGGRESSIVE;
				CLANG_CXX_LANGUAGE_STANDARD = "gnu++14";
				CLANG_CXX_LIBRARY = "libc++";
				CLANG_ENABLE_MODULES = YES;
				CLANG_ENABLE_OBJC_ARC = YES;
				CLANG_WARN_BLOCK_CAPTURE_AUTORELEASING = YES;
				CLANG_WARN_BOOL_CONVERSION = YES;
				CLANG_WARN_COMMA = YES;
				CLANG_WARN_CONSTANT_CONVERSION = YES;
				CLANG_WARN_DIRECT_OBJC_ISA_USAGE = YES_ERROR;
				CLANG_WARN_DOCUMENTATION_COMMENTS = YES;
				CLANG_WARN_EMPTY_BODY = YES;
				CLANG_WARN_ENUM_CONVERSION = YES;
				CLANG_WARN_INFINITE_RECURSION = YES;
				CLANG_WARN_INT_CONVERSION = YES;
				CLANG_WARN_NON_LITERAL_NULL_CONVERSION = YES;
				CLANG_WARN_OBJC_LITERAL_CONVERSION = YES;
				CLANG_WARN_OBJC_ROOT_CLASS = YES_ERROR;
				CLANG_WARN_RANGE_LOOP_ANALYSIS = YES;
				CLANG_WARN_STRICT_PROTOTYPES = YES;
				CLANG_WARN_SUSPICIOUS_MOVE = YES;
				CLANG_WARN_UNGUARDED_AVAILABILITY = YES_AGGRESSIVE;
				CLANG_WARN_UNREACHABLE_CODE = YES;
				CLANG_WARN__DUPLICATE_METHOD_MATCH = YES;
				CODE_SIGN_IDENTITY = "-";
				COPY_PHASE_STRIP = NO;
				DEBUG_INFORMATION_FORMAT = "dwarf-with-dsym";
				ENABLE_NS_ASSERTIONS = NO;
				ENABLE_STRICT_OBJC_MSGSEND = YES;
				GCC_C_LANGUAGE_STANDARD = gnu11;
				GCC_NO_COMMON_BLOCKS = YES;
				GCC_WARN_64_TO_32_BIT_CONVERSION = YES;
				GCC_WARN_ABOUT_RETURN_TYPE = YES_ERROR;
				GCC_WARN_UNDECLARED_SELECTOR = YES;
				GCC_WARN_UNINITIALIZED_AUTOS = YES_AGGRESSIVE;
				GCC_WARN_UNUSED_FUNCTION = YES;
				GCC_WARN_UNUSED_VARIABLE = YES;
				MACOSX_DEPLOYMENT_TARGET = 10.13;
				MTL_ENABLE_DEBUG_INFO = NO;
				SDKROOT = macosx;
			};
			name = Release;
		};
		76DC514F2024DFFB00A45484 /* Debug */ = {
			isa = XCBuildConfiguration;
			buildSettings = {
				CODE_SIGN_STYLE = Automatic;
				FRAMEWORK_SEARCH_PATHS = "";
				HEADER_SEARCH_PATHS = "";
				PRODUCT_NAME = "$(TARGET_NAME)";
			};
			name = Debug;
		};
		76DC51502024DFFB00A45484 /* Release */ = {
			isa = XCBuildConfiguration;
			buildSettings = {
				CODE_SIGN_STYLE = Automatic;
				FRAMEWORK_SEARCH_PATHS = "";
				HEADER_SEARCH_PATHS = "";
				PRODUCT_NAME = "$(TARGET_NAME)";
			};
			name = Release;
		};
/* End XCBuildConfiguration section */

/* Begin XCConfigurationList section */
		76DC51422024DFFB00A45484 /* Build configuration list for PBXProject "Character" */ = {
			isa = XCConfigurationList;
			buildConfigurations = (
				76DC514C2024DFFB00A45484 /* Debug */,
				76DC514D2024DFFB00A45484 /* Release */,
			);
			defaultConfigurationIsVisible = 0;
			defaultConfigurationName = Release;
		};
		76DC514E2024DFFB00A45484 /* Build configuration list for PBXNativeTarget "Character" */ = {
			isa = XCConfigurationList;
			buildConfigurations = (
				76DC514F2024DFFB00A45484 /* Debug */,
				76DC51502024DFFB00A45484 /* Release */,
			);
			defaultConfigurationIsVisible = 0;
			defaultConfigurationName = Release;
		};
/* End XCConfigurationList section */
	};
	rootObject = 76DC513F2024DFFB00A45484 /* Project object */;
}
